<?xml version="1.0" encoding="utf-8"?>
<Project ToolsVersion="4.0" xmlns="http://schemas.microsoft.com/developer/msbuild/2003">
  <ItemGroup>
    <Filter Include="Source Files">
      <UniqueIdentifier>{4FC737F1-C7A5-4376-A066-2A32D752A2FF}</UniqueIdentifier>
      <Extensions>cpp;c;cc;cxx;def;odl;idl;hpj;bat;asm;asmx</Extensions>
    </Filter>
    <Filter Include="Header Files">
      <UniqueIdentifier>{93995380-89BD-4b04-88EB-625FBE52EBFB}</UniqueIdentifier>
      <Extensions>h;hh;hpp;hxx;hm;inl;inc;ipp;xsd</Extensions>
    </Filter>
    <Filter Include="Resource Files">
      <UniqueIdentifier>{67DA6AB6-F800-4c08-8B7A-83BB121AAD01}</UniqueIdentifier>
      <Extensions>rc;ico;cur;bmp;dlg;rc2;rct;bin;rgs;gif;jpg;jpeg;jpe;resx;tiff;tif;png;wav;mfcribbon-ms</Extensions>
    </Filter>
    <Filter Include="node">
      <UniqueIdentifier>{776c89b4-7148-4fa1-b26b-a7e06e2bcbd8}</UniqueIdentifier>
    </Filter>
    <Filter Include="command">
      <UniqueIdentifier>{e90e0494-7261-4fb5-a0b0-0d851b7c22bc}</UniqueIdentifier>
    </Filter>
  </ItemGroup>
  <ItemGroup>
    <ClCompile Include="src\XglTestProgram.cpp">
      <Filter>Source Files</Filter>
    </ClCompile>
    <ClCompile Include="src\pch.cpp">
      <Filter>Source Files</Filter>
    </ClCompile>
    <ClCompile Include="src\XglProgram.cpp">
      <Filter>Source Files</Filter>
    </ClCompile>
    <ClCompile Include="src\XglNumber.cpp">
      <Filter>Source Files</Filter>
    </ClCompile>
    <ClCompile Include="src\XglToken.cpp">
      <Filter>Source Files</Filter>
    </ClCompile>
    <ClCompile Include="src\XglConstant.cpp">
      <Filter>Source Files</Filter>
    </ClCompile>
    <ClCompile Include="src\XglValue.cpp">
      <Filter>Source Files</Filter>
    </ClCompile>
    <ClCompile Include="src\XglInterpreter.cpp">
      <Filter>Source Files</Filter>
    </ClCompile>
    <ClCompile Include="src\XglNode.cpp">
      <Filter>node</Filter>
    </ClCompile>
    <ClCompile Include="src\XglNodePrint.cpp">
      <Filter>node</Filter>
    </ClCompile>
    <ClCompile Include="src\XglNodeValue.cpp">
      <Filter>node</Filter>
    </ClCompile>
    <ClCompile Include="src\XglCommandPrint.cpp">
      <Filter>command</Filter>
    </ClCompile>
    <ClCompile Include="src\XglCommand.cpp">
      <Filter>command</Filter>
    </ClCompile>
    <ClCompile Include="src\XglInterpreterAbstract.cpp">
      <Filter>Source Files</Filter>
    </ClCompile>
    <ClCompile Include="src\XglContext.cpp">
      <Filter>Source Files</Filter>
    </ClCompile>
    <ClCompile Include="src\XglExpression.cpp">
      <Filter>Source Files</Filter>
    </ClCompile>
    <ClCompile Include="src\XglCommandProgram.cpp">
      <Filter>command</Filter>
    </ClCompile>
    <ClCompile Include="src\XglCommandEnd.cpp">
      <Filter>command</Filter>
    </ClCompile>
    <ClCompile Include="src\XglNodeSub.cpp">
      <Filter>node</Filter>
    </ClCompile>
    <ClCompile Include="src\XglNodeProgram.cpp">
      <Filter>node</Filter>
    </ClCompile>
    <ClCompile Include="src\XglNodeNot.cpp">
      <Filter>node</Filter>
    </ClCompile>
    <ClCompile Include="src\XglNodeNeg.cpp">
      <Filter>node</Filter>
    </ClCompile>
    <ClCompile Include="src\XglNodeMult.cpp">
      <Filter>node</Filter>
    </ClCompile>
    <ClCompile Include="src\XglNodeEnd.cpp">
      <Filter>node</Filter>
    </ClCompile>
    <ClCompile Include="src\XglNodeDivide.cpp">
      <Filter>node</Filter>
    </ClCompile>
    <ClCompile Include="src\XglNodeCodeBlock.cpp">
      <Filter>node</Filter>
    </ClCompile>
    <ClCompile Include="src\XglNodeAdd.cpp">
      <Filter>node</Filter>
    </ClCompile>
    <ClCompile Include="src\XglNodeGt.cpp">
      <Filter>node</Filter>
    </ClCompile>
    <ClCompile Include="src\XglNodeLt.cpp">
      <Filter>node</Filter>
    </ClCompile>
    <ClCompile Include="src\XglNodeNe.cpp">
      <Filter>node</Filter>
    </ClCompile>
    <ClCompile Include="src\XglNodeLe.cpp">
      <Filter>node</Filter>
    </ClCompile>
    <ClCompile Include="src\XglNodeGe.cpp">
      <Filter>node</Filter>
    </ClCompile>
    <ClCompile Include="src\XglNodeEq.cpp">
      <Filter>node</Filter>
    </ClCompile>
    <ClCompile Include="src\XglCommandConst.cpp">
      <Filter>Source Files</Filter>
    </ClCompile>
    <ClCompile Include="src\XglNodeConst.cpp">
      <Filter>Source Files</Filter>
    </ClCompile>
    <ClCompile Include="src\XglNodeConstVar.cpp">
      <Filter>Source Files</Filter>
    </ClCompile>
    <ClCompile Include="src\XglSymbolTable.cpp">
      <Filter>Source Files</Filter>
    </ClCompile>
    <ClCompile Include="src\XglSymbolTableRec.cpp">
      <Filter>Source Files</Filter>
    </ClCompile>
    <ClCompile Include="src\XglVarScope.cpp">
      <Filter>Source Files</Filter>
    </ClCompile>
  </ItemGroup>
  <ItemGroup>
    <ClInclude Include="src\pch.h">
      <Filter>Header Files</Filter>
    </ClInclude>
    <ClInclude Include="src\Xgl.h">
      <Filter>Header Files</Filter>
    </ClInclude>
    <ClInclude Include="src\XglProgram.h">
      <Filter>Header Files</Filter>
    </ClInclude>
    <ClInclude Include="src\XglNumber.h">
      <Filter>Header Files</Filter>
    </ClInclude>
    <ClInclude Include="src\XglToken.h">
      <Filter>Header Files</Filter>
    </ClInclude>
    <ClInclude Include="src\XglConstant.h">
      <Filter>Header Files</Filter>
    </ClInclude>
    <ClInclude Include="src\XglValue.h">
      <Filter>Header Files</Filter>
    </ClInclude>
    <ClInclude Include="src\XglInterpreter.h">
      <Filter>Header Files</Filter>
    </ClInclude>
    <ClInclude Include="src\XglNode.h">
      <Filter>node</Filter>
    </ClInclude>
    <ClInclude Include="src\XglNodePrint.h">
      <Filter>node</Filter>
    </ClInclude>
    <ClInclude Include="src\XglNodeValue.h">
      <Filter>node</Filter>
    </ClInclude>
    <ClInclude Include="src\XglCommandPrint.h">
      <Filter>command</Filter>
    </ClInclude>
    <ClInclude Include="src\XglCommand.h">
      <Filter>command</Filter>
    </ClInclude>
    <ClInclude Include="src\XglInterpreterAbstract.h">
      <Filter>Header Files</Filter>
    </ClInclude>
    <ClInclude Include="src\XglContext.h">
      <Filter>Header Files</Filter>
    </ClInclude>
    <ClInclude Include="src\XglExpression.h">
      <Filter>Header Files</Filter>
    </ClInclude>
    <ClInclude Include="src\XglCommandEnd.h">
      <Filter>command</Filter>
    </ClInclude>
    <ClInclude Include="src\XglCommandProgram.h">
      <Filter>command</Filter>
    </ClInclude>
    <ClInclude Include="src\XglNodeSub.h">
      <Filter>node</Filter>
    </ClInclude>
    <ClInclude Include="src\XglNodeProgram.h">
      <Filter>node</Filter>
    </ClInclude>
    <ClInclude Include="src\XglNodeNot.h">
      <Filter>node</Filter>
    </ClInclude>
    <ClInclude Include="src\XglNodeNeg.h">
      <Filter>node</Filter>
    </ClInclude>
    <ClInclude Include="src\XglNodeMult.h">
      <Filter>node</Filter>
    </ClInclude>
    <ClInclude Include="src\XglNodeEnd.h">
      <Filter>node</Filter>
    </ClInclude>
    <ClInclude Include="src\XglNodeDivide.h">
      <Filter>node</Filter>
    </ClInclude>
    <ClInclude Include="src\XglNodeCodeBlock.h">
      <Filter>node</Filter>
    </ClInclude>
    <ClInclude Include="src\XglNodeAdd.h">
      <Filter>node</Filter>
    </ClInclude>
    <ClInclude Include="src\XglNodeLt.h">
      <Filter>node</Filter>
    </ClInclude>
    <ClInclude Include="src\XglNodeGt.h">
      <Filter>node</Filter>
    </ClInclude>
    <ClInclude Include="src\XglNodeNe.h">
      <Filter>node</Filter>
    </ClInclude>
    <ClInclude Include="src\XglNodeLe.h">
      <Filter>node</Filter>
    </ClInclude>
    <ClInclude Include="src\XglNodeEq.h">
      <Filter>node</Filter>
    </ClInclude>
    <ClInclude Include="src\XglNodeGe.h">
      <Filter>node</Filter>
    </ClInclude>
    <ClInclude Include="src\XglCommandConst.h">
      <Filter>Header Files</Filter>
    </ClInclude>
    <ClInclude Include="src\XglNodeConst.h">
      <Filter>Header Files</Filter>
    </ClInclude>
    <ClInclude Include="src\XglNodeConstVar.h">
      <Filter>Header Files</Filter>
    </ClInclude>
    <ClInclude Include="src\XglSymbolTable.h">
      <Filter>Header Files</Filter>
    </ClInclude>
    <ClInclude Include="src\XglSymbolTableRec.h">
      <Filter>Header Files</Filter>
    </ClInclude>
    <ClInclude Include="src\XglVarScope.h">
      <Filter>Header Files</Filter>
    </ClInclude>
  </ItemGroup>
</Project>